
Microsoft Visual Studio Solution File, Format Version 12.00
# Visual Studio Version 17
VisualStudioVersion = 17.14.36119.2 d17.14
MinimumVisualStudioVersion = 10.0.40219.1
Project("{FAE04EC0-301F-11D3-BF4B-00C04F79EFBC}") = "BaseSyncTest", "BaseSyncTest\BaseSyncTest.csproj", "{0879178F-CE38-4E27-A0A3-8A004A8E1025}"
EndProject
Project("{FAE04EC0-301F-11D3-BF4B-00C04F79EFBC}") = "BaseSync", "BaseSync\BaseSync.csproj", "{DD170438-8CA1-4E26-8F21-CF725C03724F}"
EndProject
Global
	GlobalSection(SolutionConfigurationPlatforms) = preSolution
		Debug|Any CPU = Debug|Any CPU
		Release|Any CPU = Release|Any CPU
	EndGlobalSection
	GlobalSection(ProjectConfigurationPlatforms) = postSolution
		{0879178F-CE38-4E27-A0A3-8A004A8E1025}.Debug|Any CPU.ActiveCfg = Debug|Any CPU
		{0879178F-CE38-4E27-A0A3-8A004A8E1025}.Debug|Any CPU.Build.0 = Debug|Any CPU
		{0879178F-CE38-4E27-A0A3-8A004A8E1025}.Release|Any CPU.ActiveCfg = Release|Any CPU
		{0879178F-CE38-4E27-A0A3-8A004A8E1025}.Release|Any CPU.Build.0 = Release|Any CPU
		{DD170438-8CA1-4E26-8F21-CF725C03724F}.Debug|Any CPU.ActiveCfg = Debug|Any CPU
		{DD170438-8CA1-4E26-8F21-CF725C03724F}.Debug|Any CPU.Build.0 = Debug|Any CPU
		{DD170438-8CA1-4E26-8F21-CF725C03724F}.Release|Any CPU.ActiveCfg = Release|Any CPU
		{DD170438-8CA1-4E26-8F21-CF725C03724F}.Release|Any CPU.Build.0 = Release|Any CPU
	EndGlobalSection
	GlobalSection(SolutionProperties) = preSolution
		HideSolutionNode = FALSE
	EndGlobalSection
	GlobalSection(ExtensibilityGlobals) = postSolution
		SolutionGuid = {F38C61F6-F937-4FDC-8C3E-CBBF78E23689}
	EndGlobalSection
EndGlobal
